// !$*UTF8*$!
{
	archiveVersion = 1;
	classes = {
	};
	objectVersion = 55;
	objects = {

/* Begin PBXBuildFile section */
		BD18E19F2864FFEC002D518A /* OmarViewController.swift in Sources */ = {isa = PBXBuildFile; fileRef = BD18E19E2864FFEC002D518A /* OmarViewController.swift */; };
		BD561ABC2864F7B300A05A2C /* AppDelegate.swift in Sources */ = {isa = PBXBuildFile; fileRef = BD561ABB2864F7B300A05A2C /* AppDelegate.swift */; };
		BD561ABE2864F7B300A05A2C /* SceneDelegate.swift in Sources */ = {isa = PBXBuildFile; fileRef = BD561ABD2864F7B300A05A2C /* SceneDelegate.swift */; };
		BD561AC02864F7B300A05A2C /* ViewController.swift in Sources */ = {isa = PBXBuildFile; fileRef = BD561ABF2864F7B300A05A2C /* ViewController.swift */; };
		BD561AC32864F7B300A05A2C /* Main.storyboard in Resources */ = {isa = PBXBuildFile; fileRef = BD561AC12864F7B300A05A2C /* Main.storyboard */; };
		BD561AC52864F7B400A05A2C /* Assets.xcassets in Resources */ = {isa = PBXBuildFile; fileRef = BD561AC42864F7B400A05A2C /* Assets.xcassets */; };
		BD561AC82864F7B400A05A2C /* LaunchScreen.storyboard in Resources */ = {isa = PBXBuildFile; fileRef = BD561AC62864F7B400A05A2C /* LaunchScreen.storyboard */; };
/* End PBXBuildFile section */

/* Begin PBXFileReference section */
		BD18E19E2864FFEC002D518A /* OmarViewController.swift */ = {isa = PBXFileReference; lastKnownFileType = sourcecode.swift; path = OmarViewController.swift; sourceTree = "<group>"; };
		BD561AB82864F7B300A05A2C /* HowWellDoYouKnowYourInstructors?.app */ = {isa = PBXFileReference; explicitFileType = wrapper.application; includeInIndex = 0; path = "HowWellDoYouKnowYourInstructors?.app"; sourceTree = BUILT_PRODUCTS_DIR; };
		BD561ABB2864F7B300A05A2C /* AppDelegate.swift */ = {isa = PBXFileReference; lastKnownFileType = sourcecode.swift; path = AppDelegate.swift; sourceTree = "<group>"; };
		BD561ABD2864F7B300A05A2C /* SceneDelegate.swift */ = {isa = PBXFileReference; lastKnownFileType = sourcecode.swift; path = SceneDelegate.swift; sourceTree = "<group>"; };
		BD561ABF2864F7B300A05A2C /* ViewController.swift */ = {isa = PBXFileReference; lastKnownFileType = sourcecode.swift; path = ViewController.swift; sourceTree = "<group>"; };
		BD561AC22864F7B300A05A2C /* Base */ = {isa = PBXFileReference; lastKnownFileType = file.storyboard; name = Base; path = Base.lproj/Main.storyboard; sourceTree = "<group>"; };
		BD561AC42864F7B400A05A2C /* Assets.xcassets */ = {isa = PBXFileReference; lastKnownFileType = folder.assetcatalog; path = Assets.xcassets; sourceTree = "<group>"; };
		BD561AC72864F7B400A05A2C /* Base */ = {isa = PBXFileReference; lastKnownFileType = file.storyboard; name = Base; path = Base.lproj/LaunchScreen.storyboard; sourceTree = "<group>"; };
		BD561AC92864F7B400A05A2C /* Info.plist */ = {isa = PBXFileReference; lastKnownFileType = text.plist.xml; path = Info.plist; sourceTree = "<group>"; };
/* End PBXFileReference section */

/* Begin PBXFrameworksBuildPhase section */
		BD561AB52864F7B300A05A2C /* Frameworks */ = {
			isa = PBXFrameworksBuildPhase;
			buildActionMask = 2147483647;
			files = (
			);
			runOnlyForDeploymentPostprocessing = 0;
		};
/* End PBXFrameworksBuildPhase section */

/* Begin PBXGroup section */
		BD561AAF2864F7B300A05A2C = {
			isa = PBXGroup;
			children = (
				BD561ABA2864F7B300A05A2C /* HowWellDoYouKnowYourInstructors? */,
				BD561AB92864F7B300A05A2C /* Products */,
			);
			sourceTree = "<group>";
		};
		BD561AB92864F7B300A05A2C /* Products */ = {
			isa = PBXGroup;
			children = (
				BD561AB82864F7B300A05A2C /* HowWellDoYouKnowYourInstructors?.app */,
			);
			name = Products;
			sourceTree = "<group>";
		};
		BD561ABA2864F7B300A05A2C /* HowWellDoYouKnowYourInstructors? */ = {
			isa = PBXGroup;
			children = (
				BD561ABB2864F7B300A05A2C /* AppDelegate.swift */,
				BD561ABD2864F7B300A05A2C /* SceneDelegate.swift */,
				BD561ABF2864F7B300A05A2C /* ViewController.swift */,
				BD561AC12864F7B300A05A2C /* Main.storyboard */,
				BD18E19E2864FFEC002D518A /* OmarViewController.swift */,
				BD561AC42864F7B400A05A2C /* Assets.xcassets */,
				BD561AC62864F7B400A05A2C /* LaunchScreen.storyboard */,
				BD561AC92864F7B400A05A2C /* Info.plist */,
			);
			path = "HowWellDoYouKnowYourInstructors?";
			sourceTree = "<group>";
		};
/* End PBXGroup section */

/* Begin PBXNativeTarget section */
		BD561AB72864F7B300A05A2C /* HowWellDoYouKnowYourInstructors? */ = {
			isa = PBXNativeTarget;
			buildConfigurationList = BD561ACC2864F7B400A05A2C /* Build configuration list for PBXNativeTarget "HowWellDoYouKnowYourInstructors?" */;
			buildPhases = (
				BD561AB42864F7B300A05A2C /* Sources */,
				BD561AB52864F7B300A05A2C /* Frameworks */,
				BD561AB62864F7B300A05A2C /* Resources */,
			);
			buildRules = (
			);
			dependencies = (
			);
			name = "HowWellDoYouKnowYourInstructors?";
			productName = "HowWellDoYouKnowYourInstructors?";
			productReference = BD561AB82864F7B300A05A2C /* HowWellDoYouKnowYourInstructors?.app */;
			productType = "com.apple.product-type.application";
		};
/* End PBXNativeTarget section */

/* Begin PBXProject section */
		BD561AB02864F7B300A05A2C /* Project object */ = {
			isa = PBXProject;
			attributes = {
				BuildIndependentTargetsInParallel = 1;
				LastSwiftUpdateCheck = 1340;
				LastUpgradeCheck = 1340;
				TargetAttributes = {
					BD561AB72864F7B300A05A2C = {
						CreatedOnToolsVersion = 13.4.1;
					};
				};
			};
			buildConfigurationList = BD561AB32864F7B300A05A2C /* Build configuration list for PBXProject "HowWellDoYouKnowYourInstructors?" */;
			compatibilityVersion = "Xcode 13.0";
			developmentRegion = en;
			hasScannedForEncodings = 0;
			knownRegions = (
				en,
				Base,
			);
			mainGroup = BD561AAF2864F7B300A05A2C;
			productRefGroup = BD561AB92864F7B300A05A2C /* Products */;
			projectDirPath = "";
			projectRoot = "";
			targets = (
				BD561AB72864F7B300A05A2C /* HowWellDoYouKnowYourInstructors? */,
			);
		};
/* End PBXProject section */

/* Begin PBXResourcesBuildPhase section */
		BD561AB62864F7B300A05A2C /* Resources */ = {
			isa = PBXResourcesBuildPhase;
			buildActionMask = 2147483647;
			files = (
				BD561AC82864F7B400A05A2C /* LaunchScreen.storyboard in Resources */,
				BD561AC52864F7B400A05A2C /* Assets.xcassets in Resources */,
				BD561AC32864F7B300A05A2C /* Main.storyboard in Resources */,
			);
			runOnlyForDeploymentPostprocessing = 0;
		};
/* End PBXResourcesBuildPhase section */

/* Begin PBXSourcesBuildPhase section */
		BD561AB42864F7B300A05A2C /* Sources */ = {
			isa = PBXSourcesBuildPhase;
			buildActionMask = 2147483647;
			files = (
				BD561AC02864F7B300A05A2C /* ViewController.swift in Sources */,
				BD18E19F2864FFEC002D518A /* OmarViewController.swift in Sources */,
				BD561ABC2864F7B300A05A2C /* AppDelegate.swift in Sources */,
				BD561ABE2864F7B300A05A2C /* SceneDelegate.swift in Sources */,
			);
			runOnlyForDeploymentPostprocessing = 0;
		};
/* End PBXSourcesBuildPhase section */

/* Begin PBXVariantGroup section */
		BD561AC12864F7B300A05A2C /* Main.storyboard */ = {
			isa = PBXVariantGroup;
			children = (
				BD561AC22864F7B300A05A2C /* Base */,
			);
			name = Main.storyboard;
			sourceTree = "<group>";
		};
		BD561AC62864F7B400A05A2C /* LaunchScreen.storyboard */ = {
			isa = PBXVariantGroup;
			children = (
				BD561AC72864F7B400A05A2C /* Base */,
			);
			name = LaunchScreen.storyboard;
			sourceTree = "<group>";
		};
/* End PBXVariantGroup section */

/* Begin XCBuildConfiguration section */
		BD561ACA2864F7B400A05A2C /* Debug */ = {
			isa = XCBuildConfiguration;
			buildSettings = {
				ALWAYS_SEARCH_USER_PATHS = NO;
				CLANG_ANALYZER_NONNULL = YES;
				CLANG_ANALYZER_NUMBER_OBJECT_CONVERSION = YES_AGGRESSIVE;
				CLANG_CXX_LANGUAGE_STANDARD = "gnu++17";
				CLANG_ENABLE_MODULES = YES;
				CLANG_ENABLE_OBJC_ARC = YES;
				CLANG_ENABLE_OBJC_WEAK = YES;
				CLANG_WARN_BLOCK_CAPTURE_AUTORELEASING = YES;
				CLANG_WARN_BOOL_CONVERSION = YES;
				CLANG_WARN_COMMA = YES;
				CLANG_WARN_CONSTANT_CONVERSION = YES;
				CLANG_WARN_DEPRECATED_OBJC_IMPLEMENTATIONS = YES;
				CLANG_WARN_DIRECT_OBJC_ISA_USAGE = YES_ERROR;
				CLANG_WARN_DOCUMENTATION_COMMENTS = YES;
				CLANG_WARN_EMPTY_BODY = YES;
				CLANG_WARN_ENUM_CONVERSION = YES;
				CLANG_WARN_INFINITE_RECURSION = YES;
				CLANG_WARN_INT_CONVERSION = YES;
				CLANG_WARN_NON_LITERAL_NULL_CONVERSION = YES;
				CLANG_WARN_OBJC_IMPLICIT_RETAIN_SELF = YES;
				CLANG_WARN_OBJC_LITERAL_CONVERSION = YES;
				CLANG_WARN_OBJC_ROOT_CLASS = YES_ERROR;
				CLANG_WARN_QUOTED_INCLUDE_IN_FRAMEWORK_HEADER = YES;
				CLANG_WARN_RANGE_LOOP_ANALYSIS = YES;
				CLANG_WARN_STRICT_PROTOTYPES = YES;
				CLANG_WARN_SUSPICIOUS_MOVE = YES;
				CLANG_WARN_UNGUARDED_AVAILABILITY = YES_AGGRESSIVE;
				CLANG_WARN_UNREACHABLE_CODE = YES;
				CLANG_WARN__DUPLICATE_METHOD_MATCH = YES;
				COPY_PHASE_STRIP = NO;
				DEBUG_INFORMATION_FORMAT = dwarf;
				ENABLE_STRICT_OBJC_MSGSEND = YES;
				ENABLE_TESTABILITY = YES;
				GCC_C_LANGUAGE_STANDARD = gnu11;
				GCC_DYNAMIC_NO_PIC = NO;
				GCC_NO_COMMON_BLOCKS = YES;
				GCC_OPTIMIZATION_LEVEL = 0;
				GCC_PREPROCESSOR_DEFINITIONS = (
					"DEBUG=1",
					"$(inherited)",
				);
				GCC_WARN_64_TO_32_BIT_CONVERSION = YES;
				GCC_WARN_ABOUT_RETURN_TYPE = YES_ERROR;
				GCC_WARN_UNDECLARED_SELECTOR = YES;
				GCC_WARN_UNINITIALIZED_AUTOS = YES_AGGRESSIVE;
				GCC_WARN_UNUSED_FUNCTION = YES;
				GCC_WARN_UNUSED_VARIABLE = YES;
				IPHONEOS_DEPLOYMENT_TARGET = 15.5;
				MTL_ENABLE_DEBUG_INFO = INCLUDE_SOURCE;
				MTL_FAST_MATH = YES;
				ONLY_ACTIVE_ARCH = YES;
				SDKROOT = iphoneos;
				SWIFT_ACTIVE_COMPILATION_CONDITIONS = DEBUG;
				SWIFT_OPTIMIZATION_LEVEL = "-Onone";
			};
			name = Debug;
		};
		BD561ACB2864F7B400A05A2C /* Release */ = {
			isa = XCBuildConfiguration;
			buildSettings = {
				ALWAYS_SEARCH_USER_PATHS = NO;
				CLANG_ANALYZER_NONNULL = YES;
				CLANG_ANALYZER_NUMBER_OBJECT_CONVERSION = YES_AGGRESSIVE;
				CLANG_CXX_LANGUAGE_STANDARD = "gnu++17";
				CLANG_ENABLE_MODULES = YES;
				CLANG_ENABLE_OBJC_ARC = YES;
				CLANG_ENABLE_OBJC_WEAK = YES;
				CLANG_WARN_BLOCK_CAPTURE_AUTORELEASING = YES;
				CLANG_WARN_BOOL_CONVERSION = YES;
				CLANG_WARN_COMMA = YES;
				CLANG_WARN_CONSTANT_CONVERSION = YES;
				CLANG_WARN_DEPRECATED_OBJC_IMPLEMENTATIONS = YES;
				CLANG_WARN_DIRECT_OBJC_ISA_USAGE = YES_ERROR;
				CLANG_WARN_DOCUMENTATION_COMMENTS = YES;
				CLANG_WARN_EMPTY_BODY = YES;
				CLANG_WARN_ENUM_CONVERSION = YES;
				CLANG_WARN_INFINITE_RECURSION = YES;
				CLANG_WARN_INT_CONVERSION = YES;
				CLANG_WARN_NON_LITERAL_NULL_CONVERSION = YES;
				CLANG_WARN_OBJC_IMPLICIT_RETAIN_SELF = YES;
				CLANG_WARN_OBJC_LITERAL_CONVERSION = YES;
				CLANG_WARN_OBJC_ROOT_CLASS = YES_ERROR;
				CLANG_WARN_QUOTED_INCLUDE_IN_FRAMEWORK_HEADER = YES;
				CLANG_WARN_RANGE_LOOP_ANALYSIS = YES;
				CLANG_WARN_STRICT_PROTOTYPES = YES;
				CLANG_WARN_SUSPICIOUS_MOVE = YES;
				CLANG_WARN_UNGUARDED_AVAILABILITY = YES_AGGRESSIVE;
				CLANG_WARN_UNREACHABLE_CODE = YES;
				CLANG_WARN__DUPLICATE_METHOD_MATCH = YES;
				COPY_PHASE_STRIP = NO;
				DEBUG_INFORMATION_FORMAT = "dwarf-with-dsym";
				ENABLE_NS_ASSERTIONS = NO;
				ENABLE_STRICT_OBJC_MSGSEND = YES;
				GCC_C_LANGUAGE_STANDARD = gnu11;
				GCC_NO_COMMON_BLOCKS = YES;
				GCC_WARN_64_TO_32_BIT_CONVERSION = YES;
				GCC_WARN_ABOUT_RETURN_TYPE = YES_ERROR;
				GCC_WARN_UNDECLARED_SELECTOR = YES;
				GCC_WARN_UNINITIALIZED_AUTOS = YES_AGGRESSIVE;
				GCC_WARN_UNUSED_FUNCTION = YES;
				GCC_WARN_UNUSED_VARIABLE = YES;
				IPHONEOS_DEPLOYMENT_TARGET = 15.5;
				MTL_ENABLE_DEBUG_INFO = NO;
				MTL_FAST_MATH = YES;
				SDKROOT = iphoneos;
				SWIFT_COMPILATION_MODE = wholemodule;
				SWIFT_OPTIMIZATION_LEVEL = "-O";
				VALIDATE_PRODUCT = YES;
			};
			name = Release;
		};
		BD561ACD2864F7B400A05A2C /* Debug */ = {
			isa = XCBuildConfiguration;
			buildSettings = {
				ASSETCATALOG_COMPILER_APPICON_NAME = AppIcon;
				ASSETCATALOG_COMPILER_GLOBAL_ACCENT_COLOR_NAME = AccentColor;
				CODE_SIGN_STYLE = Automatic;
				CURRENT_PROJECT_VERSION = 1;
				GENERATE_INFOPLIST_FILE = YES;
				INFOPLIST_FILE = "HowWellDoYouKnowYourInstructors?/Info.plist";
				INFOPLIST_KEY_UIApplicationSupportsIndirectInputEvents = YES;
				INFOPLIST_KEY_UILaunchStoryboardName = LaunchScreen;
				INFOPLIST_KEY_UIMainStoryboardFile = Main;
				INFOPLIST_KEY_UISupportedInterfaceOrientations_iPad = "UIInterfaceOrientationPortrait UIInterfaceOrientationPortraitUpsideDown UIInterfaceOrientationLandscapeLeft UIInterfaceOrientationLandscapeRight";
				INFOPLIST_KEY_UISupportedInterfaceOrientations_iPhone = "UIInterfaceOrientationPortrait UIInterfaceOrientationLandscapeLeft UIInterfaceOrientationLandscapeRight";
				LD_RUNPATH_SEARCH_PATHS = (
					"$(inherited)",
					"@executable_path/Frameworks",
				);
				MARKETING_VERSION = 1.0;
				PRODUCT_BUNDLE_IDENTIFIER = "KWK.HowWellDoYouKnowYourInstructors-";
				PRODUCT_NAME = "$(TARGET_NAME)";
				SWIFT_EMIT_LOC_STRINGS = YES;
				SWIFT_VERSION = 5.0;
				TARGETED_DEVICE_FAMILY = "1,2";
			};
			name = Debug;
		};
		BD561ACE2864F7B400A05A2C /* Release */ = {
			isa = XCBuildConfiguration;
			buildSettings = {
				ASSETCATALOG_COMPILER_APPICON_NAME = AppIcon;
				ASSETCATALOG_COMPILER_GLOBAL_ACCENT_COLOR_NAME = AccentColor;
				CODE_SIGN_STYLE = Automatic;
				CURRENT_PROJECT_VERSION = 1;
				GENERATE_INFOPLIST_FILE = YES;
				INFOPLIST_FILE = "HowWellDoYouKnowYourInstructors?/Info.plist";
				INFOPLIST_KEY_UIApplicationSupportsIndirectInputEvents = YES;
				INFOPLIST_KEY_UILaunchStoryboardName = LaunchScreen;
				INFOPLIST_KEY_UIMainStoryboardFile = Main;
				INFOPLIST_KEY_UISupportedInterfaceOrientations_iPad = "UIInterfaceOrientationPortrait UIInterfaceOrientationPortraitUpsideDown UIInterfaceOrientationLandscapeLeft UIInterfaceOrientationLandscapeRight";
				INFOPLIST_KEY_UISupportedInterfaceOrientations_iPhone = "UIInterfaceOrientationPortrait UIInterfaceOrientationLandscapeLeft UIInterfaceOrientationLandscapeRight";
				LD_RUNPATH_SEARCH_PATHS = (
					"$(inherited)",
					"@executable_path/Frameworks",
				);
				MARKETING_VERSION = 1.0;
				PRODUCT_BUNDLE_IDENTIFIER = "KWK.HowWellDoYouKnowYourInstructors-";
				PRODUCT_NAME = "$(TARGET_NAME)";
				SWIFT_EMIT_LOC_STRINGS = YES;
				SWIFT_VERSION = 5.0;
				TARGETED_DEVICE_FAMILY = "1,2";
			};
			name = Release;
		};
/* End XCBuildConfiguration section */

/* Begin XCConfigurationList section */
		BD561AB32864F7B300A05A2C /* Build configuration list for PBXProject "HowWellDoYouKnowYourInstructors?" */ = {
			isa = XCConfigurationList;
			buildConfigurations = (
				BD561ACA2864F7B400A05A2C /* Debug */,
				BD561ACB2864F7B400A05A2C /* Release */,
			);
			defaultConfigurationIsVisible = 0;
			defaultConfigurationName = Release;
		};
		BD561ACC2864F7B400A05A2C /* Build configuration list for PBXNativeTarget "HowWellDoYouKnowYourInstructors?" */ = {
			isa = XCConfigurationList;
			buildConfigurations = (
				BD561ACD2864F7B400A05A2C /* Debug */,
				BD561ACE2864F7B400A05A2C /* Release */,
			);
			defaultConfigurationIsVisible = 0;
			defaultConfigurationName = Release;
		};
/* End XCConfigurationList section */
	};
	rootObject = BD561AB02864F7B300A05A2C /* Project object */;
}
